
Microsoft Visual Studio Solution File, Format Version 12.00
# Visual Studio 15
VisualStudioVersion = 15.0.28307.757
MinimumVisualStudioVersion = 10.0.40219.1
Project("{FAE04EC0-301F-11D3-BF4B-00C04F79EFBC}") = "laba7", "laba7\laba7.csproj", "{1A3E320C-B367-425D-8739-56B893ADBB7C}"
EndProject
Global
	GlobalSection(SolutionConfigurationPlatforms) = preSolution
		Debug|Any CPU = Debug|Any CPU
		Release|Any CPU = Release|Any CPU
	EndGlobalSection
	GlobalSection(ProjectConfigurationPlatforms) = postSolution
		{1A3E320C-B367-425D-8739-56B893ADBB7C}.Debug|Any CPU.ActiveCfg = Debug|Any CPU
		{1A3E320C-B367-425D-8739-56B893ADBB7C}.Debug|Any CPU.Build.0 = Debug|Any CPU
		{1A3E320C-B367-425D-8739-56B893ADBB7C}.Release|Any CPU.ActiveCfg = Release|Any CPU
		{1A3E320C-B367-425D-8739-56B893ADBB7C}.Release|Any CPU.Build.0 = Release|Any CPU
	EndGlobalSection
	GlobalSection(SolutionProperties) = preSolution
		HideSolutionNode = FALSE
	EndGlobalSection
	GlobalSection(ExtensibilityGlobals) = postSolution
		SolutionGuid = {5DBB9571-0692-4650-BA3F-DBD26F5594E8}
	EndGlobalSection
EndGlobal
